
Microsoft Visual Studio Solution File, Format Version 12.00
# Visual Studio Version 17
VisualStudioVersion = 17.3.32929.385
MinimumVisualStudioVersion = 10.0.40219.1
Project("{FAE04EC0-301F-11D3-BF4B-00C04F79EFBC}") = "AppConselhosDaVovó.Android", "AppConselhosDaVovó\AppConselhosDaVovó.Android\AppConselhosDaVovó.Android.csproj", "{0F10C5E2-2A3F-433F-9775-748957C7AE6B}"
EndProject
Project("{FAE04EC0-301F-11D3-BF4B-00C04F79EFBC}") = "AppConselhosDaVovó", "AppConselhosDaVovó\AppConselhosDaVovó\AppConselhosDaVovó.csproj", "{7A5FD511-86E4-4608-A2F6-C3B2F314A7F5}"
EndProject
Global
	GlobalSection(SolutionConfigurationPlatforms) = preSolution
		Debug|Any CPU = Debug|Any CPU
		Release|Any CPU = Release|Any CPU
	EndGlobalSection
	GlobalSection(ProjectConfigurationPlatforms) = postSolution
		{0F10C5E2-2A3F-433F-9775-748957C7AE6B}.Debug|Any CPU.ActiveCfg = Debug|Any CPU
		{0F10C5E2-2A3F-433F-9775-748957C7AE6B}.Debug|Any CPU.Build.0 = Debug|Any CPU
		{0F10C5E2-2A3F-433F-9775-748957C7AE6B}.Debug|Any CPU.Deploy.0 = Debug|Any CPU
		{0F10C5E2-2A3F-433F-9775-748957C7AE6B}.Release|Any CPU.ActiveCfg = Release|Any CPU
		{0F10C5E2-2A3F-433F-9775-748957C7AE6B}.Release|Any CPU.Build.0 = Release|Any CPU
		{0F10C5E2-2A3F-433F-9775-748957C7AE6B}.Release|Any CPU.Deploy.0 = Release|Any CPU
		{7A5FD511-86E4-4608-A2F6-C3B2F314A7F5}.Debug|Any CPU.ActiveCfg = Debug|Any CPU
		{7A5FD511-86E4-4608-A2F6-C3B2F314A7F5}.Debug|Any CPU.Build.0 = Debug|Any CPU
		{7A5FD511-86E4-4608-A2F6-C3B2F314A7F5}.Debug|Any CPU.Deploy.0 = Debug|Any CPU
		{7A5FD511-86E4-4608-A2F6-C3B2F314A7F5}.Release|Any CPU.ActiveCfg = Release|Any CPU
		{7A5FD511-86E4-4608-A2F6-C3B2F314A7F5}.Release|Any CPU.Build.0 = Release|Any CPU
		{7A5FD511-86E4-4608-A2F6-C3B2F314A7F5}.Release|Any CPU.Deploy.0 = Release|Any CPU
	EndGlobalSection
	GlobalSection(SolutionProperties) = preSolution
		HideSolutionNode = FALSE
	EndGlobalSection
	GlobalSection(ExtensibilityGlobals) = postSolution
		SolutionGuid = {C064A0A3-6C7E-4553-BDE1-19E7A205D514}
	EndGlobalSection
EndGlobal
